
Microsoft Visual Studio Solution File, Format Version 12.00
# Visual Studio Version 17
VisualStudioVersion = 17.5.33627.172
MinimumVisualStudioVersion = 10.0.40219.1
Project("{2150E333-8FDC-42A3-9474-1A3956D46DE8}") = "Solution Items", "Solution Items", "{B50482FD-F401-4F9F-9970-6F8233385688}"
EndProject
Project("{FAE04EC0-301F-11D3-BF4B-00C04F79EFBC}") = "FitnessApp.BuisnessLogic", "FitnessApp.BuisnessLogic\FitnessApp.BuisnessLogic.csproj", "{34047BF1-995F-4EDD-BF77-ACDCB4DE520F}"
EndProject
Project("{FAE04EC0-301F-11D3-BF4B-00C04F79EFBC}") = "FitnessApp.CMD", "FitnessApp.CMD\FitnessApp.CMD.csproj", "{1FC9E177-5C74-44D7-A44E-26D0D94C630F}"
EndProject
Global
	GlobalSection(SolutionConfigurationPlatforms) = preSolution
		Debug|Any CPU = Debug|Any CPU
		Release|Any CPU = Release|Any CPU
	EndGlobalSection
	GlobalSection(ProjectConfigurationPlatforms) = postSolution
		{34047BF1-995F-4EDD-BF77-ACDCB4DE520F}.Debug|Any CPU.ActiveCfg = Debug|Any CPU
		{34047BF1-995F-4EDD-BF77-ACDCB4DE520F}.Debug|Any CPU.Build.0 = Debug|Any CPU
		{34047BF1-995F-4EDD-BF77-ACDCB4DE520F}.Release|Any CPU.ActiveCfg = Release|Any CPU
		{34047BF1-995F-4EDD-BF77-ACDCB4DE520F}.Release|Any CPU.Build.0 = Release|Any CPU
		{1FC9E177-5C74-44D7-A44E-26D0D94C630F}.Debug|Any CPU.ActiveCfg = Debug|Any CPU
		{1FC9E177-5C74-44D7-A44E-26D0D94C630F}.Debug|Any CPU.Build.0 = Debug|Any CPU
		{1FC9E177-5C74-44D7-A44E-26D0D94C630F}.Release|Any CPU.ActiveCfg = Release|Any CPU
		{1FC9E177-5C74-44D7-A44E-26D0D94C630F}.Release|Any CPU.Build.0 = Release|Any CPU
	EndGlobalSection
	GlobalSection(SolutionProperties) = preSolution
		HideSolutionNode = FALSE
	EndGlobalSection
	GlobalSection(ExtensibilityGlobals) = postSolution
		SolutionGuid = {1975951B-ACC7-47D9-876F-5AA2EA444273}
	EndGlobalSection
EndGlobal
